PODS:
  - Flutter (1.0.0)
  - integration_test (0.0.1):
    - Flutter
  - seon_sdk_flutter_plugin (1.2.1):
    - Flutter
    - SeonSDK (~> 5.6.2)
  - SeonSDK (5.6.2)

DEPENDENCIES:
  - Flutter (from `Flutter`)
  - integration_test (from `.symlinks/plugins/integration_test/ios`)
  - seon_sdk_flutter_plugin (from `.symlinks/plugins/seon_sdk_flutter_plugin/ios`)

SPEC REPOS:
  trunk:
    - SeonSDK

EXTERNAL SOURCES:
  Flutter:
    :path: Flutter
  integration_test:
    :path: ".symlinks/plugins/integration_test/ios"
  seon_sdk_flutter_plugin:
    :path: ".symlinks/plugins/seon_sdk_flutter_plugin/ios"

SPEC CHECKSUMS:
  Flutter: cabc95a1d2626b1b06e7179b784ebcf0c0cde467
  integration_test: 4a889634ef21a45d28d50d622cf412dc6d9f586e
  seon_sdk_flutter_plugin: f7a30e66ebf607089e38a687a79814dfaab2ea23
  SeonSDK: 554fd2a2ed2c40bd7d167c14c5344d96a285bf9a

PODFILE CHECKSUM: 4f1c12611da7338d21589c0b2ecd6bd20b109694

COCOAPODS: 1.16.2
