{
  "pins" : [
    {
      "identity" : "seon-ios-sdk-swift-package",
      "kind" : "remoteSourceControl",
      "location" : "https://github.com/seontechnologies/seon-ios-sdk-swift-package",
      "state" : {
        "revision" : "59ffdf31114b7825f6f6d7ad644245c4cbfe6cda",
        "version" : "5.6.3"
      }
    }
  ],
  "version" : 2
}
